
Microsoft Visual Studio Solution File, Format Version 12.00
# Visual Studio 15
VisualStudioVersion = 15.0.26124.0
MinimumVisualStudioVersion = 15.0.26124.0
Project("{FAE04EC0-301F-11D3-BF4B-00C04F79EFBC}") = "Mniak.RequestCompression.Example.Client", "Mniak.RequestCompression.Example.Client\Mniak.RequestCompression.Example.Client.csproj", "{F3643618-1001-4C63-811E-E2FA7B4DCD6B}"
EndProject
Project("{FAE04EC0-301F-11D3-BF4B-00C04F79EFBC}") = "Mniak.RequestCompression.Example.Server", "Mniak.RequestCompression.Example.Server\Mniak.RequestCompression.Example.Server.csproj", "{005BBF0D-EFDB-4F45-B388-9AC124D89990}"
EndProject
Global
	GlobalSection(SolutionConfigurationPlatforms) = preSolution
		Debug|Any CPU = Debug|Any CPU
		Debug|x64 = Debug|x64
		Debug|x86 = Debug|x86
		Release|Any CPU = Release|Any CPU
		Release|x64 = Release|x64
		Release|x86 = Release|x86
	EndGlobalSection
	GlobalSection(SolutionProperties) = preSolution
		HideSolutionNode = FALSE
	EndGlobalSection
	GlobalSection(ProjectConfigurationPlatforms) = postSolution
		{F3643618-1001-4C63-811E-E2FA7B4DCD6B}.Debug|Any CPU.ActiveCfg = Debug|Any CPU
		{F3643618-1001-4C63-811E-E2FA7B4DCD6B}.Debug|Any CPU.Build.0 = Debug|Any CPU
		{F3643618-1001-4C63-811E-E2FA7B4DCD6B}.Debug|x64.ActiveCfg = Debug|Any CPU
		{F3643618-1001-4C63-811E-E2FA7B4DCD6B}.Debug|x64.Build.0 = Debug|Any CPU
		{F3643618-1001-4C63-811E-E2FA7B4DCD6B}.Debug|x86.ActiveCfg = Debug|Any CPU
		{F3643618-1001-4C63-811E-E2FA7B4DCD6B}.Debug|x86.Build.0 = Debug|Any CPU
		{F3643618-1001-4C63-811E-E2FA7B4DCD6B}.Release|Any CPU.ActiveCfg = Release|Any CPU
		{F3643618-1001-4C63-811E-E2FA7B4DCD6B}.Release|Any CPU.Build.0 = Release|Any CPU
		{F3643618-1001-4C63-811E-E2FA7B4DCD6B}.Release|x64.ActiveCfg = Release|Any CPU
		{F3643618-1001-4C63-811E-E2FA7B4DCD6B}.Release|x64.Build.0 = Release|Any CPU
		{F3643618-1001-4C63-811E-E2FA7B4DCD6B}.Release|x86.ActiveCfg = Release|Any CPU
		{F3643618-1001-4C63-811E-E2FA7B4DCD6B}.Release|x86.Build.0 = Release|Any CPU
		{005BBF0D-EFDB-4F45-B388-9AC124D89990}.Debug|Any CPU.ActiveCfg = Debug|Any CPU
		{005BBF0D-EFDB-4F45-B388-9AC124D89990}.Debug|Any CPU.Build.0 = Debug|Any CPU
		{005BBF0D-EFDB-4F45-B388-9AC124D89990}.Debug|x64.ActiveCfg = Debug|Any CPU
		{005BBF0D-EFDB-4F45-B388-9AC124D89990}.Debug|x64.Build.0 = Debug|Any CPU
		{005BBF0D-EFDB-4F45-B388-9AC124D89990}.Debug|x86.ActiveCfg = Debug|Any CPU
		{005BBF0D-EFDB-4F45-B388-9AC124D89990}.Debug|x86.Build.0 = Debug|Any CPU
		{005BBF0D-EFDB-4F45-B388-9AC124D89990}.Release|Any CPU.ActiveCfg = Release|Any CPU
		{005BBF0D-EFDB-4F45-B388-9AC124D89990}.Release|Any CPU.Build.0 = Release|Any CPU
		{005BBF0D-EFDB-4F45-B388-9AC124D89990}.Release|x64.ActiveCfg = Release|Any CPU
		{005BBF0D-EFDB-4F45-B388-9AC124D89990}.Release|x64.Build.0 = Release|Any CPU
		{005BBF0D-EFDB-4F45-B388-9AC124D89990}.Release|x86.ActiveCfg = Release|Any CPU
		{005BBF0D-EFDB-4F45-B388-9AC124D89990}.Release|x86.Build.0 = Release|Any CPU
	EndGlobalSection
EndGlobal
