
Microsoft Visual Studio Solution File, Format Version 12.00
# Visual Studio Version 16
VisualStudioVersion = 16.0.30907.101
MinimumVisualStudioVersion = 15.0.26124.0
Project("{9A19103F-16F7-4668-BE54-9A1E7A4F7556}") = "Example.Client", "Mniak.RequestCompression.Example.Client\Example.Client.csproj", "{F3643618-1001-4C63-811E-E2FA7B4DCD6B}"
EndProject
Project("{9A19103F-16F7-4668-BE54-9A1E7A4F7556}") = "Example.Server", "Mniak.RequestCompression.Example.Server\Example.Server.csproj", "{005BBF0D-EFDB-4F45-B388-9AC124D89990}"
EndProject
Project("{2150E333-8FDC-42A3-9474-1A3956D46DE8}") = "Examples", "Examples", "{642F050F-D87A-4EF8-B474-3BAAE90762A2}"
EndProject
Project("{9A19103F-16F7-4668-BE54-9A1E7A4F7556}") = "Mniak.AspNetCore.RequestDecompression", "Mniak.AspNetCore.RequestDecompression\Mniak.AspNetCore.RequestDecompression.csproj", "{F8A853ED-CD71-49CE-AA7A-6F200B0DE57B}"
EndProject
Project("{9A19103F-16F7-4668-BE54-9A1E7A4F7556}") = "Mniak.AspNetCore.RequestDecompression.Abstractions", "Mniak.AspNetCore.RequestDecompression.Abstractions\Mniak.AspNetCore.RequestDecompression.Abstractions.csproj", "{4A2A9C1F-2F75-4536-8F57-1BE81B931051}"
EndProject
Project("{9A19103F-16F7-4668-BE54-9A1E7A4F7556}") = "Mniak.AspNetCore.RequestDecompression.Gzip", "Mniak.AspNetCore.RequestDecompression.Gzip\Mniak.AspNetCore.RequestDecompression.Gzip.csproj", "{74858CE7-667A-4B0F-9210-D8F515C123BB}"
EndProject
Project("{2150E333-8FDC-42A3-9474-1A3956D46DE8}") = "Compression", "Compression", "{10BBF059-E669-458D-95EB-426AF3E905F3}"
EndProject
Project("{2150E333-8FDC-42A3-9474-1A3956D46DE8}") = "Decompression", "Decompression", "{63DAB682-705A-4D94-B7AB-4127464034BC}"
EndProject
Project("{9A19103F-16F7-4668-BE54-9A1E7A4F7556}") = "Mniak.HttpClient.RequestCompression.Gzip", "Mniak.HttpClient.RequestCompression.Gzip\Mniak.HttpClient.RequestCompression.Gzip.csproj", "{CE1B9ACD-DB65-446E-961D-609688F2C5A5}"
EndProject
Project("{9A19103F-16F7-4668-BE54-9A1E7A4F7556}") = "Mniak.Extensions.RequestDecompression.Gzip", "Mniak.Extensions.RequestDecompression.Gzip\Mniak.Extensions.RequestDecompression.Gzip.csproj", "{06670217-1B60-4112-BCFD-7455690D5A0B}"
EndProject
Project("{9A19103F-16F7-4668-BE54-9A1E7A4F7556}") = "Mniak.Extensions.RequestCompression.Gzip", "Mniak.Extensions.RequestCompression.Gzip\Mniak.Extensions.RequestCompression.Gzip.csproj", "{21069072-62BE-4DFE-91E3-C39E9AF95BCB}"
EndProject
Project("{2150E333-8FDC-42A3-9474-1A3956D46DE8}") = "Gzip", "Gzip", "{EFE33DAB-B637-4113-A5CC-200CA0AD51C1}"
EndProject
Project("{2150E333-8FDC-42A3-9474-1A3956D46DE8}") = "Gzip", "Gzip", "{71230411-4693-4AD5-8E7D-BB890EF04099}"
EndProject
Project("{9A19103F-16F7-4668-BE54-9A1E7A4F7556}") = "Mniak.Extensions.RequestDecompression", "Mniak.Extensions.RequestDecompression\Mniak.Extensions.RequestDecompression.csproj", "{46F9822B-D993-44C2-98C9-FBBFC8CE9997}"
EndProject
Global
	GlobalSection(SolutionConfigurationPlatforms) = preSolution
		Debug|Any CPU = Debug|Any CPU
		Debug|x64 = Debug|x64
		Debug|x86 = Debug|x86
		Release|Any CPU = Release|Any CPU
		Release|x64 = Release|x64
		Release|x86 = Release|x86
	EndGlobalSection
	GlobalSection(ProjectConfigurationPlatforms) = postSolution
		{F3643618-1001-4C63-811E-E2FA7B4DCD6B}.Debug|Any CPU.ActiveCfg = Debug|Any CPU
		{F3643618-1001-4C63-811E-E2FA7B4DCD6B}.Debug|Any CPU.Build.0 = Debug|Any CPU
		{F3643618-1001-4C63-811E-E2FA7B4DCD6B}.Debug|x64.ActiveCfg = Debug|Any CPU
		{F3643618-1001-4C63-811E-E2FA7B4DCD6B}.Debug|x64.Build.0 = Debug|Any CPU
		{F3643618-1001-4C63-811E-E2FA7B4DCD6B}.Debug|x86.ActiveCfg = Debug|Any CPU
		{F3643618-1001-4C63-811E-E2FA7B4DCD6B}.Debug|x86.Build.0 = Debug|Any CPU
		{F3643618-1001-4C63-811E-E2FA7B4DCD6B}.Release|Any CPU.ActiveCfg = Release|Any CPU
		{F3643618-1001-4C63-811E-E2FA7B4DCD6B}.Release|Any CPU.Build.0 = Release|Any CPU
		{F3643618-1001-4C63-811E-E2FA7B4DCD6B}.Release|x64.ActiveCfg = Release|Any CPU
		{F3643618-1001-4C63-811E-E2FA7B4DCD6B}.Release|x64.Build.0 = Release|Any CPU
		{F3643618-1001-4C63-811E-E2FA7B4DCD6B}.Release|x86.ActiveCfg = Release|Any CPU
		{F3643618-1001-4C63-811E-E2FA7B4DCD6B}.Release|x86.Build.0 = Release|Any CPU
		{005BBF0D-EFDB-4F45-B388-9AC124D89990}.Debug|Any CPU.ActiveCfg = Debug|Any CPU
		{005BBF0D-EFDB-4F45-B388-9AC124D89990}.Debug|Any CPU.Build.0 = Debug|Any CPU
		{005BBF0D-EFDB-4F45-B388-9AC124D89990}.Debug|x64.ActiveCfg = Debug|Any CPU
		{005BBF0D-EFDB-4F45-B388-9AC124D89990}.Debug|x64.Build.0 = Debug|Any CPU
		{005BBF0D-EFDB-4F45-B388-9AC124D89990}.Debug|x86.ActiveCfg = Debug|Any CPU
		{005BBF0D-EFDB-4F45-B388-9AC124D89990}.Debug|x86.Build.0 = Debug|Any CPU
		{005BBF0D-EFDB-4F45-B388-9AC124D89990}.Release|Any CPU.ActiveCfg = Release|Any CPU
		{005BBF0D-EFDB-4F45-B388-9AC124D89990}.Release|Any CPU.Build.0 = Release|Any CPU
		{005BBF0D-EFDB-4F45-B388-9AC124D89990}.Release|x64.ActiveCfg = Release|Any CPU
		{005BBF0D-EFDB-4F45-B388-9AC124D89990}.Release|x64.Build.0 = Release|Any CPU
		{005BBF0D-EFDB-4F45-B388-9AC124D89990}.Release|x86.ActiveCfg = Release|Any CPU
		{005BBF0D-EFDB-4F45-B388-9AC124D89990}.Release|x86.Build.0 = Release|Any CPU
		{F8A853ED-CD71-49CE-AA7A-6F200B0DE57B}.Debug|Any CPU.ActiveCfg = Debug|Any CPU
		{F8A853ED-CD71-49CE-AA7A-6F200B0DE57B}.Debug|Any CPU.Build.0 = Debug|Any CPU
		{F8A853ED-CD71-49CE-AA7A-6F200B0DE57B}.Debug|x64.ActiveCfg = Debug|Any CPU
		{F8A853ED-CD71-49CE-AA7A-6F200B0DE57B}.Debug|x64.Build.0 = Debug|Any CPU
		{F8A853ED-CD71-49CE-AA7A-6F200B0DE57B}.Debug|x86.ActiveCfg = Debug|Any CPU
		{F8A853ED-CD71-49CE-AA7A-6F200B0DE57B}.Debug|x86.Build.0 = Debug|Any CPU
		{F8A853ED-CD71-49CE-AA7A-6F200B0DE57B}.Release|Any CPU.ActiveCfg = Release|Any CPU
		{F8A853ED-CD71-49CE-AA7A-6F200B0DE57B}.Release|Any CPU.Build.0 = Release|Any CPU
		{F8A853ED-CD71-49CE-AA7A-6F200B0DE57B}.Release|x64.ActiveCfg = Release|Any CPU
		{F8A853ED-CD71-49CE-AA7A-6F200B0DE57B}.Release|x64.Build.0 = Release|Any CPU
		{F8A853ED-CD71-49CE-AA7A-6F200B0DE57B}.Release|x86.ActiveCfg = Release|Any CPU
		{F8A853ED-CD71-49CE-AA7A-6F200B0DE57B}.Release|x86.Build.0 = Release|Any CPU
		{4A2A9C1F-2F75-4536-8F57-1BE81B931051}.Debug|Any CPU.ActiveCfg = Debug|Any CPU
		{4A2A9C1F-2F75-4536-8F57-1BE81B931051}.Debug|Any CPU.Build.0 = Debug|Any CPU
		{4A2A9C1F-2F75-4536-8F57-1BE81B931051}.Debug|x64.ActiveCfg = Debug|Any CPU
		{4A2A9C1F-2F75-4536-8F57-1BE81B931051}.Debug|x64.Build.0 = Debug|Any CPU
		{4A2A9C1F-2F75-4536-8F57-1BE81B931051}.Debug|x86.ActiveCfg = Debug|Any CPU
		{4A2A9C1F-2F75-4536-8F57-1BE81B931051}.Debug|x86.Build.0 = Debug|Any CPU
		{4A2A9C1F-2F75-4536-8F57-1BE81B931051}.Release|Any CPU.ActiveCfg = Release|Any CPU
		{4A2A9C1F-2F75-4536-8F57-1BE81B931051}.Release|Any CPU.Build.0 = Release|Any CPU
		{4A2A9C1F-2F75-4536-8F57-1BE81B931051}.Release|x64.ActiveCfg = Release|Any CPU
		{4A2A9C1F-2F75-4536-8F57-1BE81B931051}.Release|x64.Build.0 = Release|Any CPU
		{4A2A9C1F-2F75-4536-8F57-1BE81B931051}.Release|x86.ActiveCfg = Release|Any CPU
		{4A2A9C1F-2F75-4536-8F57-1BE81B931051}.Release|x86.Build.0 = Release|Any CPU
		{74858CE7-667A-4B0F-9210-D8F515C123BB}.Debug|Any CPU.ActiveCfg = Debug|Any CPU
		{74858CE7-667A-4B0F-9210-D8F515C123BB}.Debug|Any CPU.Build.0 = Debug|Any CPU
		{74858CE7-667A-4B0F-9210-D8F515C123BB}.Debug|x64.ActiveCfg = Debug|Any CPU
		{74858CE7-667A-4B0F-9210-D8F515C123BB}.Debug|x64.Build.0 = Debug|Any CPU
		{74858CE7-667A-4B0F-9210-D8F515C123BB}.Debug|x86.ActiveCfg = Debug|Any CPU
		{74858CE7-667A-4B0F-9210-D8F515C123BB}.Debug|x86.Build.0 = Debug|Any CPU
		{74858CE7-667A-4B0F-9210-D8F515C123BB}.Release|Any CPU.ActiveCfg = Release|Any CPU
		{74858CE7-667A-4B0F-9210-D8F515C123BB}.Release|Any CPU.Build.0 = Release|Any CPU
		{74858CE7-667A-4B0F-9210-D8F515C123BB}.Release|x64.ActiveCfg = Release|Any CPU
		{74858CE7-667A-4B0F-9210-D8F515C123BB}.Release|x64.Build.0 = Release|Any CPU
		{74858CE7-667A-4B0F-9210-D8F515C123BB}.Release|x86.ActiveCfg = Release|Any CPU
		{74858CE7-667A-4B0F-9210-D8F515C123BB}.Release|x86.Build.0 = Release|Any CPU
		{CE1B9ACD-DB65-446E-961D-609688F2C5A5}.Debug|Any CPU.ActiveCfg = Debug|Any CPU
		{CE1B9ACD-DB65-446E-961D-609688F2C5A5}.Debug|Any CPU.Build.0 = Debug|Any CPU
		{CE1B9ACD-DB65-446E-961D-609688F2C5A5}.Debug|x64.ActiveCfg = Debug|Any CPU
		{CE1B9ACD-DB65-446E-961D-609688F2C5A5}.Debug|x64.Build.0 = Debug|Any CPU
		{CE1B9ACD-DB65-446E-961D-609688F2C5A5}.Debug|x86.ActiveCfg = Debug|Any CPU
		{CE1B9ACD-DB65-446E-961D-609688F2C5A5}.Debug|x86.Build.0 = Debug|Any CPU
		{CE1B9ACD-DB65-446E-961D-609688F2C5A5}.Release|Any CPU.ActiveCfg = Release|Any CPU
		{CE1B9ACD-DB65-446E-961D-609688F2C5A5}.Release|Any CPU.Build.0 = Release|Any CPU
		{CE1B9ACD-DB65-446E-961D-609688F2C5A5}.Release|x64.ActiveCfg = Release|Any CPU
		{CE1B9ACD-DB65-446E-961D-609688F2C5A5}.Release|x64.Build.0 = Release|Any CPU
		{CE1B9ACD-DB65-446E-961D-609688F2C5A5}.Release|x86.ActiveCfg = Release|Any CPU
		{CE1B9ACD-DB65-446E-961D-609688F2C5A5}.Release|x86.Build.0 = Release|Any CPU
		{06670217-1B60-4112-BCFD-7455690D5A0B}.Debug|Any CPU.ActiveCfg = Debug|Any CPU
		{06670217-1B60-4112-BCFD-7455690D5A0B}.Debug|Any CPU.Build.0 = Debug|Any CPU
		{06670217-1B60-4112-BCFD-7455690D5A0B}.Debug|x64.ActiveCfg = Debug|Any CPU
		{06670217-1B60-4112-BCFD-7455690D5A0B}.Debug|x64.Build.0 = Debug|Any CPU
		{06670217-1B60-4112-BCFD-7455690D5A0B}.Debug|x86.ActiveCfg = Debug|Any CPU
		{06670217-1B60-4112-BCFD-7455690D5A0B}.Debug|x86.Build.0 = Debug|Any CPU
		{06670217-1B60-4112-BCFD-7455690D5A0B}.Release|Any CPU.ActiveCfg = Release|Any CPU
		{06670217-1B60-4112-BCFD-7455690D5A0B}.Release|Any CPU.Build.0 = Release|Any CPU
		{06670217-1B60-4112-BCFD-7455690D5A0B}.Release|x64.ActiveCfg = Release|Any CPU
		{06670217-1B60-4112-BCFD-7455690D5A0B}.Release|x64.Build.0 = Release|Any CPU
		{06670217-1B60-4112-BCFD-7455690D5A0B}.Release|x86.ActiveCfg = Release|Any CPU
		{06670217-1B60-4112-BCFD-7455690D5A0B}.Release|x86.Build.0 = Release|Any CPU
		{21069072-62BE-4DFE-91E3-C39E9AF95BCB}.Debug|Any CPU.ActiveCfg = Debug|Any CPU
		{21069072-62BE-4DFE-91E3-C39E9AF95BCB}.Debug|Any CPU.Build.0 = Debug|Any CPU
		{21069072-62BE-4DFE-91E3-C39E9AF95BCB}.Debug|x64.ActiveCfg = Debug|Any CPU
		{21069072-62BE-4DFE-91E3-C39E9AF95BCB}.Debug|x64.Build.0 = Debug|Any CPU
		{21069072-62BE-4DFE-91E3-C39E9AF95BCB}.Debug|x86.ActiveCfg = Debug|Any CPU
		{21069072-62BE-4DFE-91E3-C39E9AF95BCB}.Debug|x86.Build.0 = Debug|Any CPU
		{21069072-62BE-4DFE-91E3-C39E9AF95BCB}.Release|Any CPU.ActiveCfg = Release|Any CPU
		{21069072-62BE-4DFE-91E3-C39E9AF95BCB}.Release|Any CPU.Build.0 = Release|Any CPU
		{21069072-62BE-4DFE-91E3-C39E9AF95BCB}.Release|x64.ActiveCfg = Release|Any CPU
		{21069072-62BE-4DFE-91E3-C39E9AF95BCB}.Release|x64.Build.0 = Release|Any CPU
		{21069072-62BE-4DFE-91E3-C39E9AF95BCB}.Release|x86.ActiveCfg = Release|Any CPU
		{21069072-62BE-4DFE-91E3-C39E9AF95BCB}.Release|x86.Build.0 = Release|Any CPU
		{46F9822B-D993-44C2-98C9-FBBFC8CE9997}.Debug|Any CPU.ActiveCfg = Debug|Any CPU
		{46F9822B-D993-44C2-98C9-FBBFC8CE9997}.Debug|Any CPU.Build.0 = Debug|Any CPU
		{46F9822B-D993-44C2-98C9-FBBFC8CE9997}.Debug|x64.ActiveCfg = Debug|Any CPU
		{46F9822B-D993-44C2-98C9-FBBFC8CE9997}.Debug|x64.Build.0 = Debug|Any CPU
		{46F9822B-D993-44C2-98C9-FBBFC8CE9997}.Debug|x86.ActiveCfg = Debug|Any CPU
		{46F9822B-D993-44C2-98C9-FBBFC8CE9997}.Debug|x86.Build.0 = Debug|Any CPU
		{46F9822B-D993-44C2-98C9-FBBFC8CE9997}.Release|Any CPU.ActiveCfg = Release|Any CPU
		{46F9822B-D993-44C2-98C9-FBBFC8CE9997}.Release|Any CPU.Build.0 = Release|Any CPU
		{46F9822B-D993-44C2-98C9-FBBFC8CE9997}.Release|x64.ActiveCfg = Release|Any CPU
		{46F9822B-D993-44C2-98C9-FBBFC8CE9997}.Release|x64.Build.0 = Release|Any CPU
		{46F9822B-D993-44C2-98C9-FBBFC8CE9997}.Release|x86.ActiveCfg = Release|Any CPU
		{46F9822B-D993-44C2-98C9-FBBFC8CE9997}.Release|x86.Build.0 = Release|Any CPU
	EndGlobalSection
	GlobalSection(SolutionProperties) = preSolution
		HideSolutionNode = FALSE
	EndGlobalSection
	GlobalSection(NestedProjects) = preSolution
		{F3643618-1001-4C63-811E-E2FA7B4DCD6B} = {642F050F-D87A-4EF8-B474-3BAAE90762A2}
		{005BBF0D-EFDB-4F45-B388-9AC124D89990} = {642F050F-D87A-4EF8-B474-3BAAE90762A2}
		{F8A853ED-CD71-49CE-AA7A-6F200B0DE57B} = {63DAB682-705A-4D94-B7AB-4127464034BC}
		{4A2A9C1F-2F75-4536-8F57-1BE81B931051} = {63DAB682-705A-4D94-B7AB-4127464034BC}
		{74858CE7-667A-4B0F-9210-D8F515C123BB} = {EFE33DAB-B637-4113-A5CC-200CA0AD51C1}
		{CE1B9ACD-DB65-446E-961D-609688F2C5A5} = {71230411-4693-4AD5-8E7D-BB890EF04099}
		{06670217-1B60-4112-BCFD-7455690D5A0B} = {EFE33DAB-B637-4113-A5CC-200CA0AD51C1}
		{21069072-62BE-4DFE-91E3-C39E9AF95BCB} = {71230411-4693-4AD5-8E7D-BB890EF04099}
		{EFE33DAB-B637-4113-A5CC-200CA0AD51C1} = {63DAB682-705A-4D94-B7AB-4127464034BC}
		{71230411-4693-4AD5-8E7D-BB890EF04099} = {10BBF059-E669-458D-95EB-426AF3E905F3}
		{46F9822B-D993-44C2-98C9-FBBFC8CE9997} = {63DAB682-705A-4D94-B7AB-4127464034BC}
	EndGlobalSection
	GlobalSection(ExtensibilityGlobals) = postSolution
		SolutionGuid = {5D0D0C92-8602-42AC-9E93-DA6025106CEF}
	EndGlobalSection
EndGlobal
